
Microsoft Visual Studio Solution File, Format Version 12.00
# Visual Studio 15
VisualStudioVersion = 15.0.27703.2047
MinimumVisualStudioVersion = 10.0.40219.1
Project("{FAE04EC0-301F-11D3-BF4B-00C04F79EFBC}") = "WebApiFactory", "WebApiFactory\WebApiFactory.csproj", "{751868C3-8DC1-47DC-9B2C-33306DBD7D90}"
EndProject
Project("{FAE04EC0-301F-11D3-BF4B-00C04F79EFBC}") = "DAO", "DAO\DAO.csproj", "{5611CA01-79E9-4F19-A7A5-611D699A6F86}"
EndProject
Global
	GlobalSection(SolutionConfigurationPlatforms) = preSolution
		Debug|Any CPU = Debug|Any CPU
		Debug|ARM = Debug|ARM
		Debug|x64 = Debug|x64
		Debug|x86 = Debug|x86
		Release|Any CPU = Release|Any CPU
		Release|ARM = Release|ARM
		Release|x64 = Release|x64
		Release|x86 = Release|x86
	EndGlobalSection
	GlobalSection(ProjectConfigurationPlatforms) = postSolution
		{751868C3-8DC1-47DC-9B2C-33306DBD7D90}.Debug|Any CPU.ActiveCfg = Debug|Any CPU
		{751868C3-8DC1-47DC-9B2C-33306DBD7D90}.Debug|Any CPU.Build.0 = Debug|Any CPU
		{751868C3-8DC1-47DC-9B2C-33306DBD7D90}.Debug|ARM.ActiveCfg = Debug|Any CPU
		{751868C3-8DC1-47DC-9B2C-33306DBD7D90}.Debug|ARM.Build.0 = Debug|Any CPU
		{751868C3-8DC1-47DC-9B2C-33306DBD7D90}.Debug|x64.ActiveCfg = Debug|Any CPU
		{751868C3-8DC1-47DC-9B2C-33306DBD7D90}.Debug|x64.Build.0 = Debug|Any CPU
		{751868C3-8DC1-47DC-9B2C-33306DBD7D90}.Debug|x86.ActiveCfg = Debug|Any CPU
		{751868C3-8DC1-47DC-9B2C-33306DBD7D90}.Debug|x86.Build.0 = Debug|Any CPU
		{751868C3-8DC1-47DC-9B2C-33306DBD7D90}.Release|Any CPU.ActiveCfg = Release|Any CPU
		{751868C3-8DC1-47DC-9B2C-33306DBD7D90}.Release|Any CPU.Build.0 = Release|Any CPU
		{751868C3-8DC1-47DC-9B2C-33306DBD7D90}.Release|ARM.ActiveCfg = Release|Any CPU
		{751868C3-8DC1-47DC-9B2C-33306DBD7D90}.Release|ARM.Build.0 = Release|Any CPU
		{751868C3-8DC1-47DC-9B2C-33306DBD7D90}.Release|x64.ActiveCfg = Release|Any CPU
		{751868C3-8DC1-47DC-9B2C-33306DBD7D90}.Release|x64.Build.0 = Release|Any CPU
		{751868C3-8DC1-47DC-9B2C-33306DBD7D90}.Release|x86.ActiveCfg = Release|Any CPU
		{751868C3-8DC1-47DC-9B2C-33306DBD7D90}.Release|x86.Build.0 = Release|Any CPU
		{5611CA01-79E9-4F19-A7A5-611D699A6F86}.Debug|Any CPU.ActiveCfg = Debug|Any CPU
		{5611CA01-79E9-4F19-A7A5-611D699A6F86}.Debug|Any CPU.Build.0 = Debug|Any CPU
		{5611CA01-79E9-4F19-A7A5-611D699A6F86}.Debug|ARM.ActiveCfg = Debug|Any CPU
		{5611CA01-79E9-4F19-A7A5-611D699A6F86}.Debug|ARM.Build.0 = Debug|Any CPU
		{5611CA01-79E9-4F19-A7A5-611D699A6F86}.Debug|x64.ActiveCfg = Debug|Any CPU
		{5611CA01-79E9-4F19-A7A5-611D699A6F86}.Debug|x64.Build.0 = Debug|Any CPU
		{5611CA01-79E9-4F19-A7A5-611D699A6F86}.Debug|x86.ActiveCfg = Debug|Any CPU
		{5611CA01-79E9-4F19-A7A5-611D699A6F86}.Debug|x86.Build.0 = Debug|Any CPU
		{5611CA01-79E9-4F19-A7A5-611D699A6F86}.Release|Any CPU.ActiveCfg = Release|Any CPU
		{5611CA01-79E9-4F19-A7A5-611D699A6F86}.Release|Any CPU.Build.0 = Release|Any CPU
		{5611CA01-79E9-4F19-A7A5-611D699A6F86}.Release|ARM.ActiveCfg = Release|Any CPU
		{5611CA01-79E9-4F19-A7A5-611D699A6F86}.Release|ARM.Build.0 = Release|Any CPU
		{5611CA01-79E9-4F19-A7A5-611D699A6F86}.Release|x64.ActiveCfg = Release|Any CPU
		{5611CA01-79E9-4F19-A7A5-611D699A6F86}.Release|x64.Build.0 = Release|Any CPU
		{5611CA01-79E9-4F19-A7A5-611D699A6F86}.Release|x86.ActiveCfg = Release|Any CPU
		{5611CA01-79E9-4F19-A7A5-611D699A6F86}.Release|x86.Build.0 = Release|Any CPU
	EndGlobalSection
	GlobalSection(SolutionProperties) = preSolution
		HideSolutionNode = FALSE
	EndGlobalSection
	GlobalSection(ExtensibilityGlobals) = postSolution
		SolutionGuid = {1145E62F-F3FB-48FA-8462-F7FC292A2299}
	EndGlobalSection
EndGlobal
